Microsoft Visual Studio Solution File, Format Version 11.00
# Visual Studio 2008

Project("{2C3F7AA3-9042-50C1-7AC4-F9BD2389518F}") = "ShootMUpMVP", "Assembly-CSharp.csproj", "{B3F1F291-32C2-8E1D-5EBA-E0F05CD53674}"
EndProject
Global
	GlobalSection(SolutionConfigurationPlatforms) = preSolution
		Debug|Any CPU = Debug|Any CPU
		Release|Any CPU = Release|Any CPU
	EndGlobalSection
	GlobalSection(ProjectConfigurationPlatforms) = postSolution
		{B3F1F291-32C2-8E1D-5EBA-E0F05CD53674}.Debug|Any CPU.ActiveCfg = Debug|Any CPU
		{B3F1F291-32C2-8E1D-5EBA-E0F05CD53674}.Debug|Any CPU.Build.0 = Debug|Any CPU
		{B3F1F291-32C2-8E1D-5EBA-E0F05CD53674}.Release|Any CPU.ActiveCfg = Release|Any CPU
		{B3F1F291-32C2-8E1D-5EBA-E0F05CD53674}.Release|Any CPU.Build.0 = Release|Any CPU
	EndGlobalSection
	GlobalSection(SolutionProperties) = preSolution
		HideSolutionNode = FALSE
	EndGlobalSection
	GlobalSection(MonoDevelopProperties) = preSolution
		StartupItem = Assembly-CSharp.csproj
	EndGlobalSection
EndGlobal
